
Microsoft Visual Studio Solution File, Format Version 12.00
# Visual Studio 15
VisualStudioVersion = 15.0.28307.106
MinimumVisualStudioVersion = 10.0.40219.1
Project("{FAE04EC0-301F-11D3-BF4B-00C04F79EFBC}") = "videoServer", "videoServer\videoServer.csproj", "{D30F0AEC-9E90-459A-8E79-F79DA6AC1CE3}"
EndProject
Global
	GlobalSection(SolutionConfigurationPlatforms) = preSolution
		Debug|Any CPU = Debug|Any CPU
		Release|Any CPU = Release|Any CPU
	EndGlobalSection
	GlobalSection(ProjectConfigurationPlatforms) = postSolution
		{D30F0AEC-9E90-459A-8E79-F79DA6AC1CE3}.Debug|Any CPU.ActiveCfg = Debug|Any CPU
		{D30F0AEC-9E90-459A-8E79-F79DA6AC1CE3}.Debug|Any CPU.Build.0 = Debug|Any CPU
		{D30F0AEC-9E90-459A-8E79-F79DA6AC1CE3}.Release|Any CPU.ActiveCfg = Release|Any CPU
		{D30F0AEC-9E90-459A-8E79-F79DA6AC1CE3}.Release|Any CPU.Build.0 = Release|Any CPU
	EndGlobalSection
	GlobalSection(SolutionProperties) = preSolution
		HideSolutionNode = FALSE
	EndGlobalSection
	GlobalSection(ExtensibilityGlobals) = postSolution
		SolutionGuid = {DCD51FB4-2D7B-4A05-86EF-CCF2555024F9}
	EndGlobalSection
EndGlobal
